{
  "nodes": {
    "nixpkgs": {
      "locked": {
        "lastModified": 1791048980,
        "narHash": "sha256-KgItSKML8Xvte0B7/uGnBDsYzSnnKHcOaiUbgWBXLXw=",
        "owner": "NixOS",
        "repo": "nixpkgs",
        "rev": "a7868a727837f3c09cee2ce0ca671c76b1589fed",
        "type": "github"
      },
      "original": {
        "owner": "NixOS",
        "ref": "nixos-unstable",
        "repo": "nixpkgs",
        "type": "github"
      }
    },
    "nixpkgs-darwin-x64": {
      "locked": {
        "lastModified": 1788334797,
        "narHash": "sha256-nskSa8kDimM7F0VFSP8IdoSNo4G0vKzOtxwvOFpoGDI=",
        "owner": "NixOS",
        "repo": "nixpkgs",
        "rev": "c19db427a1fdfc7591c0b0baeb4665dcef2c61da",
        "type": "github"
      },
      "original": {
        "owner": "NixOS",
        "ref": "nixpkgs-26.05-darwin",
        "repo": "nixpkgs",
        "type": "github"
      }
    },
    "nub": {
      "inputs": {
        "nixpkgs": [
          "nixpkgs"
        ]
      },
      "locked": {
        "lastModified": 1790809683,
        "narHash": "sha256-I+2bKFZvpZw7YR6xAi0htWIQL5AbWsK06RYKRzPjOnM=",
        "owner": "nubjs",
        "repo": "nub",
        "rev": "fdf8d313125b4dfc15a5900477077876284aa5a3",
        "type": "github"
      },
      "original": {
        "owner": "nubjs",
        "ref": "v0.9.6",
        "repo": "nub",
        "type": "github"
      }
    },
    "pi": {
      "inputs": {
        "nixpkgs": [
          "nixpkgs"
        ],
        "nixpkgs-darwin-x64": "nixpkgs-darwin-x64"
      },
      "locked": {
        "lastModified": 1791408813,
        "narHash": "sha256-lwjspkMGrW+8Fl/yBEDEFsHZJA57OKOhmVQmi6zfej4=",
        "owner": "earendil-works",
        "repo": "pi",
        "rev": "abe508e1b89912adde45528136c3221eb69acdd7",
        "type": "github"
      },
      "original": {
        "owner": "earendil-works",
        "ref": "v1.1.0",
        "repo": "pi",
        "type": "github"
      }
    },
    "root": {
      "inputs": {
        "nixpkgs": "nixpkgs",
        "nub": "nub",
        "pi": "pi"
      }
    }
  },
  "root": "root",
  "version": 7
}
