{
  "nodes": {
    "nixpkgs": {
      "locked": {
        "lastModified": 1783224372,
        "narHash": "sha256-8i/87eeoqiGE4yOTjwSA3Eh/ziJRQEmd/unYU+K27sk=",
        "owner": "NixOS",
        "repo": "nixpkgs",
        "rev": "d407951447dcd00442e97087bf374aad70c04cea",
        "type": "github"
      },
      "original": {
        "owner": "NixOS",
        "ref": "nixos-unstable",
        "repo": "nixpkgs",
        "type": "github"
      }
    },
    "nub": {
      "inputs": {
        "nixpkgs": [
          "nixpkgs"
        ]
      },
      "locked": {
        "lastModified": 1789416239,
        "narHash": "sha256-TuLOITCsIKcVMkuutuMADbQZD2vEJNOENNWXW+/8XNY=",
        "owner": "nubjs",
        "repo": "nub",
        "rev": "4cd1a090f9238f06426e4ccd499bb921c56bdccb",
        "type": "github"
      },
      "original": {
        "owner": "nubjs",
        "ref": "v0.9.2",
        "repo": "nub",
        "type": "github"
      }
    },
    "root": {
      "inputs": {
        "nixpkgs": "nixpkgs",
        "nub": "nub"
      }
    }
  },
  "root": "root",
  "version": 7
}
